
Microsoft Visual Studio Solution File, Format Version 12.00
# Visual Studio Version 17
VisualStudioVersion = 17.3.32825.248
MinimumVisualStudioVersion = 10.0.40219.1
Project("{FAE04EC0-301F-11D3-BF4B-00C04F79EFBC}") = "ChallengeOne", "ChallengeOne\ChallengeOne.csproj", "{F40FC167-12C6-49BE-8D1E-5EFC0444F30D}"
EndProject
Global
	GlobalSection(SolutionConfigurationPlatforms) = preSolution
		Debug|Any CPU = Debug|Any CPU
		Release|Any CPU = Release|Any CPU
	EndGlobalSection
	GlobalSection(ProjectConfigurationPlatforms) = postSolution
		{F40FC167-12C6-49BE-8D1E-5EFC0444F30D}.Debug|Any CPU.ActiveCfg = Debug|Any CPU
		{F40FC167-12C6-49BE-8D1E-5EFC0444F30D}.Debug|Any CPU.Build.0 = Debug|Any CPU
		{F40FC167-12C6-49BE-8D1E-5EFC0444F30D}.Release|Any CPU.ActiveCfg = Release|Any CPU
		{F40FC167-12C6-49BE-8D1E-5EFC0444F30D}.Release|Any CPU.Build.0 = Release|Any CPU
	EndGlobalSection
	GlobalSection(SolutionProperties) = preSolution
		HideSolutionNode = FALSE
	EndGlobalSection
	GlobalSection(ExtensibilityGlobals) = postSolution
		SolutionGuid = {EE6F9563-E20A-4B90-816A-303CDE47FD22}
	EndGlobalSection
EndGlobal
